
Microsoft Visual Studio Solution File, Format Version 12.00
# Visual Studio Version 17
VisualStudioVersion = 17.2.32602.215
MinimumVisualStudioVersion = 10.0.40219.1
Project("{FAE04EC0-301F-11D3-BF4B-00C04F79EFBC}") = "emp-happy-enh-api", "emp-happy-enh-api\emp-happy-enh-api.csproj", "{EB7DB669-BE49-44FF-9C0C-6E1AEB48DD39}"
EndProject
Global
	GlobalSection(SolutionConfigurationPlatforms) = preSolution
		Debug|Any CPU = Debug|Any CPU
		Release|Any CPU = Release|Any CPU
	EndGlobalSection
	GlobalSection(ProjectConfigurationPlatforms) = postSolution
		{EB7DB669-BE49-44FF-9C0C-6E1AEB48DD39}.Debug|Any CPU.ActiveCfg = Debug|Any CPU
		{EB7DB669-BE49-44FF-9C0C-6E1AEB48DD39}.Debug|Any CPU.Build.0 = Debug|Any CPU
		{EB7DB669-BE49-44FF-9C0C-6E1AEB48DD39}.Release|Any CPU.ActiveCfg = Release|Any CPU
		{EB7DB669-BE49-44FF-9C0C-6E1AEB48DD39}.Release|Any CPU.Build.0 = Release|Any CPU
	EndGlobalSection
	GlobalSection(SolutionProperties) = preSolution
		HideSolutionNode = FALSE
	EndGlobalSection
	GlobalSection(ExtensibilityGlobals) = postSolution
		SolutionGuid = {0078CF11-3416-4B00-A6E8-0C4B03B2A095}
	EndGlobalSection
EndGlobal
